
Microsoft Visual Studio Solution File, Format Version 12.00
# Visual Studio 15
VisualStudioVersion = 15.0.27703.2047
MinimumVisualStudioVersion = 10.0.40219.1
Project("{FAE04EC0-301F-11D3-BF4B-00C04F79EFBC}") = "AbstractShell", "AbstractShell\AbstractShell.csproj", "{EE2324CD-9E93-4787-B3EA-7F00EC815C36}"
EndProject
Global
	GlobalSection(SolutionConfigurationPlatforms) = preSolution
		Debug|Any CPU = Debug|Any CPU
		Release|Any CPU = Release|Any CPU
	EndGlobalSection
	GlobalSection(ProjectConfigurationPlatforms) = postSolution
		{EE2324CD-9E93-4787-B3EA-7F00EC815C36}.Debug|Any CPU.ActiveCfg = Debug|Any CPU
		{EE2324CD-9E93-4787-B3EA-7F00EC815C36}.Debug|Any CPU.Build.0 = Debug|Any CPU
		{EE2324CD-9E93-4787-B3EA-7F00EC815C36}.Release|Any CPU.ActiveCfg = Release|Any CPU
		{EE2324CD-9E93-4787-B3EA-7F00EC815C36}.Release|Any CPU.Build.0 = Release|Any CPU
	EndGlobalSection
	GlobalSection(SolutionProperties) = preSolution
		HideSolutionNode = FALSE
	EndGlobalSection
	GlobalSection(ExtensibilityGlobals) = postSolution
		SolutionGuid = {8CD77722-3B1A-4F61-B6D7-3DD7AC5D6342}
	EndGlobalSection
EndGlobal
